
Microsoft Visual Studio Solution File, Format Version 12.00
# Visual Studio Version 17
VisualStudioVersion = 17.13.36105.23
MinimumVisualStudioVersion = 10.0.40219.1
Project("{FAE04EC0-301F-11D3-BF4B-00C04F79EFBC}") = "00StandardDotNetConsoleApp", "00StandardDotNetConsoleApp\00StandardDotNetConsoleApp.csproj", "{374C5BC4-02EF-4AEF-989B-D96B8E7DC708}"
EndProject
Project("{FAE04EC0-301F-11D3-BF4B-00C04F79EFBC}") = "01DotNetCoreConsoleTemplate", "01DotNetCoreConsoleTemplate\01DotNetCoreConsoleTemplate.csproj", "{3CE998F2-C1E9-417E-9F2A-6740EEEE59D9}"
EndProject
Project("{FAE04EC0-301F-11D3-BF4B-00C04F79EFBC}") = "02OOP_Inheritance", "02OOP_Inheritance\02OOP_Inheritance.csproj", "{155C1DA2-3FA7-470E-B422-802940C0F145}"
EndProject
Project("{FAE04EC0-301F-11D3-BF4B-00C04F79EFBC}") = "03OOP_Inhertance2", "03OOP_Inhertance2\03OOP_Inhertance2.csproj", "{C0F348B4-AA6F-489D-B62B-DCD862FFD042}"
EndProject
Project("{FAE04EC0-301F-11D3-BF4B-00C04F79EFBC}") = "04OOP_OverloaddingOverridingNew", "04OOP_OverloaddingOverridingNew\04OOP_OverloaddingOverridingNew.csproj", "{D2A44724-9C5D-478C-B851-B6F0771C90A5}"
EndProject
Project("{FAE04EC0-301F-11D3-BF4B-00C04F79EFBC}") = "05OOP_SealedClass_SealedMethods", "05OOP_SealedClass_SealedMethods\05OOP_SealedClass_SealedMethods.csproj", "{4C7F77E3-6E74-4212-B6EF-635F709779C7}"
EndProject
Project("{FAE04EC0-301F-11D3-BF4B-00C04F79EFBC}") = "06OOP_Interface1", "06OOP_Interface1\06OOP_Interface1.csproj", "{42EFECC4-E5F8-4BB5-9063-56E289AF8963}"
EndProject
Project("{FAE04EC0-301F-11D3-BF4B-00C04F79EFBC}") = "07OOP_Interface2", "07OOP_Interface2\07OOP_Interface2.csproj", "{92D56217-F856-404F-89DE-887C0A2DC57D}"
EndProject
Project("{FAE04EC0-301F-11D3-BF4B-00C04F79EFBC}") = "08OOP_Interface3", "08OOP_Interface3\08OOP_Interface3.csproj", "{E49C0DB8-F209-4872-B46E-F0DDDF39125C}"
EndProject
Project("{FAE04EC0-301F-11D3-BF4B-00C04F79EFBC}") = "09OOP_Interface4", "09OOP_Interface4\09OOP_Interface4.csproj", "{3C7CE97B-80E4-4648-B03B-6547B717DE7B}"
EndProject
Project("{FAE04EC0-301F-11D3-BF4B-00C04F79EFBC}") = "10OOP_Abstract1", "10OOP_Abstract1\10OOP_Abstract1.csproj", "{858D9406-571C-4FAD-B686-0ADC9910B038}"
EndProject
Project("{FAE04EC0-301F-11D3-BF4B-00C04F79EFBC}") = "11OOP_Abstract2", "11OOP_Abstract2\11OOP_Abstract2.csproj", "{E0B83089-C0DF-43DA-8445-C6102364EAD9}"
EndProject
Project("{FAE04EC0-301F-11D3-BF4B-00C04F79EFBC}") = "12OOP_Sigleton", "12OOP_Sigleton\12OOP_Sigleton.csproj", "{8BA4FF6E-A447-4621-AA05-D7422A10EFDA}"
EndProject
Project("{FAE04EC0-301F-11D3-BF4B-00C04F79EFBC}") = "13OOP_Static", "13OOP_Static\13OOP_Static.csproj", "{35FA4EBD-CBBA-465F-AB1D-09DB58146D24}"
EndProject
Project("{FAE04EC0-301F-11D3-BF4B-00C04F79EFBC}") = "14OOP_DependencyInjection", "14OOP_DependencyInjection\14OOP_DependencyInjection.csproj", "{A5ADC383-2518-4974-9F9A-6255776D60B6}"
EndProject
Project("{FAE04EC0-301F-11D3-BF4B-00C04F79EFBC}") = "15OOP_Properties", "15OOP_Properties\15OOP_Properties.csproj", "{17EC92C1-945C-4C11-945E-28DC29607639}"
EndProject
Project("{FAE04EC0-301F-11D3-BF4B-00C04F79EFBC}") = "16FormAppliction", "16FormAppliction\16FormAppliction.csproj", "{714BAA59-6EBA-4FDB-9A74-66BFB0723C65}"
EndProject
Project("{FAE04EC0-301F-11D3-BF4B-00C04F79EFBC}") = "17Demo", "17Demo\17Demo.csproj", "{AA57D77E-A89A-4DF5-B709-878A89A935E4}"
EndProject
Project("{FAE04EC0-301F-11D3-BF4B-00C04F79EFBC}") = "18MyMathLib", "18MyMathLib\18MyMathLib.csproj", "{83E8B6C9-115F-45E2-8AF1-9739A8F97DE9}"
EndProject
Project("{FAE04EC0-301F-11D3-BF4B-00C04F79EFBC}") = "19ClientAppToCMathLib", "19ClientAppToCMathLib\19ClientAppToCMathLib.csproj", "{BE2D4D82-F4E3-429B-917C-B6735CD163FA}"
EndProject
Project("{FAE04EC0-301F-11D3-BF4B-00C04F79EFBC}") = "20Delegate1", "20Delegate1\20Delegate1.csproj", "{854B2FBC-0EAF-40C9-A695-2455C81DFC81}"
EndProject
Project("{FAE04EC0-301F-11D3-BF4B-00C04F79EFBC}") = "21MultiCastDeleagteDemo", "21MultiCastDeleagteDemo\21MultiCastDeleagteDemo.csproj", "{71644B65-B9E6-4C35-BC94-DC65DDBC996E}"
EndProject
Project("{FAE04EC0-301F-11D3-BF4B-00C04F79EFBC}") = "22Events_Deleagtes", "22Events_Deleagtes\22Events_Deleagtes.csproj", "{D3C9F3F9-2237-4961-B449-81F7BAF99403}"
EndProject
Project("{FAE04EC0-301F-11D3-BF4B-00C04F79EFBC}") = "23ObserverPattern", "23ObserverPattern\23ObserverPattern.csproj", "{B525FCA9-1BE3-40C8-85B3-FA23A116E90C}"
EndProject
Project("{FAE04EC0-301F-11D3-BF4B-00C04F79EFBC}") = "24Collection1", "24Collection1\24Collection1.csproj", "{AAF6C9BA-463D-4E3D-A714-02389EDB29EA}"
EndProject
Project("{FAE04EC0-301F-11D3-BF4B-00C04F79EFBC}") = "25DemoGeneric", "25DemoGeneric\25DemoGeneric.csproj", "{3EE77759-B483-4007-AAEF-C896645D0FA0}"
EndProject
Project("{FAE04EC0-301F-11D3-BF4B-00C04F79EFBC}") = "26DemoGeneric2", "26DemoGeneric2\26DemoGeneric2.csproj", "{BD442FBA-CABA-4884-8719-DAB102204A77}"
EndProject
Project("{FAE04EC0-301F-11D3-BF4B-00C04F79EFBC}") = "27GenericCollection", "27GenericCollection\27GenericCollection.csproj", "{08687E7D-7B64-4192-B8EA-4843C90ED166}"
EndProject
Project("{FAE04EC0-301F-11D3-BF4B-00C04F79EFBC}") = "28FileIo1", "28FileIo1\28FileIo1.csproj", "{7CD2850A-FF5C-4D13-A9A6-AA113155FB4F}"
EndProject
Project("{FAE04EC0-301F-11D3-BF4B-00C04F79EFBC}") = "29BinaryFormatter", "29BinaryFormatter\29BinaryFormatter.csproj", "{CCA1A0EC-4137-43C6-AEEA-E7029746F284}"
EndProject
Project("{FAE04EC0-301F-11D3-BF4B-00C04F79EFBC}") = "30Serialization", "30Serialization\30Serialization.csproj", "{BB8B5C46-6E0B-45C1-82FD-53FA49A8065A}"
EndProject
Project("{FAE04EC0-301F-11D3-BF4B-00C04F79EFBC}") = "31CMathLib", "31CMathLib\31CMathLib.csproj", "{C3864BFA-64DE-4413-9609-C57618F8B3D1}"
EndProject
Project("{FAE04EC0-301F-11D3-BF4B-00C04F79EFBC}") = "32Reflection1", "32Reflection1\32Reflection1.csproj", "{9D707F9F-B7B6-4534-87AE-FA0B443721FC}"
EndProject
Project("{FAE04EC0-301F-11D3-BF4B-00C04F79EFBC}") = "33CustomAttributes1", "33CustomAttributes1\33CustomAttributes1.csproj", "{BF6B4149-75C0-4F3A-BE0D-CB82748C5B46}"
EndProject
Project("{FAE04EC0-301F-11D3-BF4B-00C04F79EFBC}") = "35MyCustomAttribute", "35MyCustomAttribute\35MyCustomAttribute.csproj", "{CB7B7B7C-7A20-4AAE-94A6-7B867F30AE56}"
EndProject
Project("{FAE04EC0-301F-11D3-BF4B-00C04F79EFBC}") = "35MyAttributeLib", "35MyAttributeLib\35MyAttributeLib.csproj", "{91D38521-ACD6-4D8F-9856-D06084E1C7CF}"
EndProject
Project("{FAE04EC0-301F-11D3-BF4B-00C04F79EFBC}") = "36EmpLib", "36EmpLib\36EmpLib.csproj", "{F144E8A8-B845-4A0E-AD4B-EEA97B2DFA8D}"
EndProject
Project("{FAE04EC0-301F-11D3-BF4B-00C04F79EFBC}") = "36MyORM", "36MyORM\36MyORM.csproj", "{5479AC02-D94E-4E27-B9B5-9E157AEEBEC5}"
EndProject
Global
	GlobalSection(SolutionConfigurationPlatforms) = preSolution
		Debug|Any CPU = Debug|Any CPU
		Release|Any CPU = Release|Any CPU
	EndGlobalSection
	GlobalSection(ProjectConfigurationPlatforms) = postSolution
		{374C5BC4-02EF-4AEF-989B-D96B8E7DC708}.Debug|Any CPU.ActiveCfg = Debug|Any CPU
		{374C5BC4-02EF-4AEF-989B-D96B8E7DC708}.Debug|Any CPU.Build.0 = Debug|Any CPU
		{374C5BC4-02EF-4AEF-989B-D96B8E7DC708}.Release|Any CPU.ActiveCfg = Release|Any CPU
		{374C5BC4-02EF-4AEF-989B-D96B8E7DC708}.Release|Any CPU.Build.0 = Release|Any CPU
		{3CE998F2-C1E9-417E-9F2A-6740EEEE59D9}.Debug|Any CPU.ActiveCfg = Debug|Any CPU
		{3CE998F2-C1E9-417E-9F2A-6740EEEE59D9}.Debug|Any CPU.Build.0 = Debug|Any CPU
		{3CE998F2-C1E9-417E-9F2A-6740EEEE59D9}.Release|Any CPU.ActiveCfg = Release|Any CPU
		{3CE998F2-C1E9-417E-9F2A-6740EEEE59D9}.Release|Any CPU.Build.0 = Release|Any CPU
		{155C1DA2-3FA7-470E-B422-802940C0F145}.Debug|Any CPU.ActiveCfg = Debug|Any CPU
		{155C1DA2-3FA7-470E-B422-802940C0F145}.Debug|Any CPU.Build.0 = Debug|Any CPU
		{155C1DA2-3FA7-470E-B422-802940C0F145}.Release|Any CPU.ActiveCfg = Release|Any CPU
		{155C1DA2-3FA7-470E-B422-802940C0F145}.Release|Any CPU.Build.0 = Release|Any CPU
		{C0F348B4-AA6F-489D-B62B-DCD862FFD042}.Debug|Any CPU.ActiveCfg = Debug|Any CPU
		{C0F348B4-AA6F-489D-B62B-DCD862FFD042}.Debug|Any CPU.Build.0 = Debug|Any CPU
		{C0F348B4-AA6F-489D-B62B-DCD862FFD042}.Release|Any CPU.ActiveCfg = Release|Any CPU
		{C0F348B4-AA6F-489D-B62B-DCD862FFD042}.Release|Any CPU.Build.0 = Release|Any CPU
		{D2A44724-9C5D-478C-B851-B6F0771C90A5}.Debug|Any CPU.ActiveCfg = Debug|Any CPU
		{D2A44724-9C5D-478C-B851-B6F0771C90A5}.Debug|Any CPU.Build.0 = Debug|Any CPU
		{D2A44724-9C5D-478C-B851-B6F0771C90A5}.Release|Any CPU.ActiveCfg = Release|Any CPU
		{D2A44724-9C5D-478C-B851-B6F0771C90A5}.Release|Any CPU.Build.0 = Release|Any CPU
		{4C7F77E3-6E74-4212-B6EF-635F709779C7}.Debug|Any CPU.ActiveCfg = Debug|Any CPU
		{4C7F77E3-6E74-4212-B6EF-635F709779C7}.Debug|Any CPU.Build.0 = Debug|Any CPU
		{4C7F77E3-6E74-4212-B6EF-635F709779C7}.Release|Any CPU.ActiveCfg = Release|Any CPU
		{4C7F77E3-6E74-4212-B6EF-635F709779C7}.Release|Any CPU.Build.0 = Release|Any CPU
		{42EFECC4-E5F8-4BB5-9063-56E289AF8963}.Debug|Any CPU.ActiveCfg = Debug|Any CPU
		{42EFECC4-E5F8-4BB5-9063-56E289AF8963}.Debug|Any CPU.Build.0 = Debug|Any CPU
		{42EFECC4-E5F8-4BB5-9063-56E289AF8963}.Release|Any CPU.ActiveCfg = Release|Any CPU
		{42EFECC4-E5F8-4BB5-9063-56E289AF8963}.Release|Any CPU.Build.0 = Release|Any CPU
		{92D56217-F856-404F-89DE-887C0A2DC57D}.Debug|Any CPU.ActiveCfg = Debug|Any CPU
		{92D56217-F856-404F-89DE-887C0A2DC57D}.Debug|Any CPU.Build.0 = Debug|Any CPU
		{92D56217-F856-404F-89DE-887C0A2DC57D}.Release|Any CPU.ActiveCfg = Release|Any CPU
		{92D56217-F856-404F-89DE-887C0A2DC57D}.Release|Any CPU.Build.0 = Release|Any CPU
		{E49C0DB8-F209-4872-B46E-F0DDDF39125C}.Debug|Any CPU.ActiveCfg = Debug|Any CPU
		{E49C0DB8-F209-4872-B46E-F0DDDF39125C}.Debug|Any CPU.Build.0 = Debug|Any CPU
		{E49C0DB8-F209-4872-B46E-F0DDDF39125C}.Release|Any CPU.ActiveCfg = Release|Any CPU
		{E49C0DB8-F209-4872-B46E-F0DDDF39125C}.Release|Any CPU.Build.0 = Release|Any CPU
		{3C7CE97B-80E4-4648-B03B-6547B717DE7B}.Debug|Any CPU.ActiveCfg = Debug|Any CPU
		{3C7CE97B-80E4-4648-B03B-6547B717DE7B}.Debug|Any CPU.Build.0 = Debug|Any CPU
		{3C7CE97B-80E4-4648-B03B-6547B717DE7B}.Release|Any CPU.ActiveCfg = Release|Any CPU
		{3C7CE97B-80E4-4648-B03B-6547B717DE7B}.Release|Any CPU.Build.0 = Release|Any CPU
		{858D9406-571C-4FAD-B686-0ADC9910B038}.Debug|Any CPU.ActiveCfg = Debug|Any CPU
		{858D9406-571C-4FAD-B686-0ADC9910B038}.Debug|Any CPU.Build.0 = Debug|Any CPU
		{858D9406-571C-4FAD-B686-0ADC9910B038}.Release|Any CPU.ActiveCfg = Release|Any CPU
		{858D9406-571C-4FAD-B686-0ADC9910B038}.Release|Any CPU.Build.0 = Release|Any CPU
		{E0B83089-C0DF-43DA-8445-C6102364EAD9}.Debug|Any CPU.ActiveCfg = Debug|Any CPU
		{E0B83089-C0DF-43DA-8445-C6102364EAD9}.Debug|Any CPU.Build.0 = Debug|Any CPU
		{E0B83089-C0DF-43DA-8445-C6102364EAD9}.Release|Any CPU.ActiveCfg = Release|Any CPU
		{E0B83089-C0DF-43DA-8445-C6102364EAD9}.Release|Any CPU.Build.0 = Release|Any CPU
		{8BA4FF6E-A447-4621-AA05-D7422A10EFDA}.Debug|Any CPU.ActiveCfg = Debug|Any CPU
		{8BA4FF6E-A447-4621-AA05-D7422A10EFDA}.Debug|Any CPU.Build.0 = Debug|Any CPU
		{8BA4FF6E-A447-4621-AA05-D7422A10EFDA}.Release|Any CPU.ActiveCfg = Release|Any CPU
		{8BA4FF6E-A447-4621-AA05-D7422A10EFDA}.Release|Any CPU.Build.0 = Release|Any CPU
		{35FA4EBD-CBBA-465F-AB1D-09DB58146D24}.Debug|Any CPU.ActiveCfg = Debug|Any CPU
		{35FA4EBD-CBBA-465F-AB1D-09DB58146D24}.Debug|Any CPU.Build.0 = Debug|Any CPU
		{35FA4EBD-CBBA-465F-AB1D-09DB58146D24}.Release|Any CPU.ActiveCfg = Release|Any CPU
		{35FA4EBD-CBBA-465F-AB1D-09DB58146D24}.Release|Any CPU.Build.0 = Release|Any CPU
		{A5ADC383-2518-4974-9F9A-6255776D60B6}.Debug|Any CPU.ActiveCfg = Debug|Any CPU
		{A5ADC383-2518-4974-9F9A-6255776D60B6}.Debug|Any CPU.Build.0 = Debug|Any CPU
		{A5ADC383-2518-4974-9F9A-6255776D60B6}.Release|Any CPU.ActiveCfg = Release|Any CPU
		{A5ADC383-2518-4974-9F9A-6255776D60B6}.Release|Any CPU.Build.0 = Release|Any CPU
		{17EC92C1-945C-4C11-945E-28DC29607639}.Debug|Any CPU.ActiveCfg = Debug|Any CPU
		{17EC92C1-945C-4C11-945E-28DC29607639}.Debug|Any CPU.Build.0 = Debug|Any CPU
		{17EC92C1-945C-4C11-945E-28DC29607639}.Release|Any CPU.ActiveCfg = Release|Any CPU
		{17EC92C1-945C-4C11-945E-28DC29607639}.Release|Any CPU.Build.0 = Release|Any CPU
		{714BAA59-6EBA-4FDB-9A74-66BFB0723C65}.Debug|Any CPU.ActiveCfg = Debug|Any CPU
		{714BAA59-6EBA-4FDB-9A74-66BFB0723C65}.Debug|Any CPU.Build.0 = Debug|Any CPU
		{714BAA59-6EBA-4FDB-9A74-66BFB0723C65}.Release|Any CPU.ActiveCfg = Release|Any CPU
		{714BAA59-6EBA-4FDB-9A74-66BFB0723C65}.Release|Any CPU.Build.0 = Release|Any CPU
		{AA57D77E-A89A-4DF5-B709-878A89A935E4}.Debug|Any CPU.ActiveCfg = Debug|Any CPU
		{AA57D77E-A89A-4DF5-B709-878A89A935E4}.Debug|Any CPU.Build.0 = Debug|Any CPU
		{AA57D77E-A89A-4DF5-B709-878A89A935E4}.Release|Any CPU.ActiveCfg = Release|Any CPU
		{AA57D77E-A89A-4DF5-B709-878A89A935E4}.Release|Any CPU.Build.0 = Release|Any CPU
		{83E8B6C9-115F-45E2-8AF1-9739A8F97DE9}.Debug|Any CPU.ActiveCfg = Debug|Any CPU
		{83E8B6C9-115F-45E2-8AF1-9739A8F97DE9}.Debug|Any CPU.Build.0 = Debug|Any CPU
		{83E8B6C9-115F-45E2-8AF1-9739A8F97DE9}.Release|Any CPU.ActiveCfg = Release|Any CPU
		{83E8B6C9-115F-45E2-8AF1-9739A8F97DE9}.Release|Any CPU.Build.0 = Release|Any CPU
		{BE2D4D82-F4E3-429B-917C-B6735CD163FA}.Debug|Any CPU.ActiveCfg = Debug|Any CPU
		{BE2D4D82-F4E3-429B-917C-B6735CD163FA}.Debug|Any CPU.Build.0 = Debug|Any CPU
		{BE2D4D82-F4E3-429B-917C-B6735CD163FA}.Release|Any CPU.ActiveCfg = Release|Any CPU
		{BE2D4D82-F4E3-429B-917C-B6735CD163FA}.Release|Any CPU.Build.0 = Release|Any CPU
		{854B2FBC-0EAF-40C9-A695-2455C81DFC81}.Debug|Any CPU.ActiveCfg = Debug|Any CPU
		{854B2FBC-0EAF-40C9-A695-2455C81DFC81}.Debug|Any CPU.Build.0 = Debug|Any CPU
		{854B2FBC-0EAF-40C9-A695-2455C81DFC81}.Release|Any CPU.ActiveCfg = Release|Any CPU
		{854B2FBC-0EAF-40C9-A695-2455C81DFC81}.Release|Any CPU.Build.0 = Release|Any CPU
		{71644B65-B9E6-4C35-BC94-DC65DDBC996E}.Debug|Any CPU.ActiveCfg = Debug|Any CPU
		{71644B65-B9E6-4C35-BC94-DC65DDBC996E}.Debug|Any CPU.Build.0 = Debug|Any CPU
		{71644B65-B9E6-4C35-BC94-DC65DDBC996E}.Release|Any CPU.ActiveCfg = Release|Any CPU
		{71644B65-B9E6-4C35-BC94-DC65DDBC996E}.Release|Any CPU.Build.0 = Release|Any CPU
		{D3C9F3F9-2237-4961-B449-81F7BAF99403}.Debug|Any CPU.ActiveCfg = Debug|Any CPU
		{D3C9F3F9-2237-4961-B449-81F7BAF99403}.Debug|Any CPU.Build.0 = Debug|Any CPU
		{D3C9F3F9-2237-4961-B449-81F7BAF99403}.Release|Any CPU.ActiveCfg = Release|Any CPU
		{D3C9F3F9-2237-4961-B449-81F7BAF99403}.Release|Any CPU.Build.0 = Release|Any CPU
		{B525FCA9-1BE3-40C8-85B3-FA23A116E90C}.Debug|Any CPU.ActiveCfg = Debug|Any CPU
		{B525FCA9-1BE3-40C8-85B3-FA23A116E90C}.Debug|Any CPU.Build.0 = Debug|Any CPU
		{B525FCA9-1BE3-40C8-85B3-FA23A116E90C}.Release|Any CPU.ActiveCfg = Release|Any CPU
		{B525FCA9-1BE3-40C8-85B3-FA23A116E90C}.Release|Any CPU.Build.0 = Release|Any CPU
		{AAF6C9BA-463D-4E3D-A714-02389EDB29EA}.Debug|Any CPU.ActiveCfg = Debug|Any CPU
		{AAF6C9BA-463D-4E3D-A714-02389EDB29EA}.Debug|Any CPU.Build.0 = Debug|Any CPU
		{AAF6C9BA-463D-4E3D-A714-02389EDB29EA}.Release|Any CPU.ActiveCfg = Release|Any CPU
		{AAF6C9BA-463D-4E3D-A714-02389EDB29EA}.Release|Any CPU.Build.0 = Release|Any CPU
		{3EE77759-B483-4007-AAEF-C896645D0FA0}.Debug|Any CPU.ActiveCfg = Debug|Any CPU
		{3EE77759-B483-4007-AAEF-C896645D0FA0}.Debug|Any CPU.Build.0 = Debug|Any CPU
		{3EE77759-B483-4007-AAEF-C896645D0FA0}.Release|Any CPU.ActiveCfg = Release|Any CPU
		{3EE77759-B483-4007-AAEF-C896645D0FA0}.Release|Any CPU.Build.0 = Release|Any CPU
		{BD442FBA-CABA-4884-8719-DAB102204A77}.Debug|Any CPU.ActiveCfg = Debug|Any CPU
		{BD442FBA-CABA-4884-8719-DAB102204A77}.Debug|Any CPU.Build.0 = Debug|Any CPU
		{BD442FBA-CABA-4884-8719-DAB102204A77}.Release|Any CPU.ActiveCfg = Release|Any CPU
		{BD442FBA-CABA-4884-8719-DAB102204A77}.Release|Any CPU.Build.0 = Release|Any CPU
		{08687E7D-7B64-4192-B8EA-4843C90ED166}.Debug|Any CPU.ActiveCfg = Debug|Any CPU
		{08687E7D-7B64-4192-B8EA-4843C90ED166}.Debug|Any CPU.Build.0 = Debug|Any CPU
		{08687E7D-7B64-4192-B8EA-4843C90ED166}.Release|Any CPU.ActiveCfg = Release|Any CPU
		{08687E7D-7B64-4192-B8EA-4843C90ED166}.Release|Any CPU.Build.0 = Release|Any CPU
		{7CD2850A-FF5C-4D13-A9A6-AA113155FB4F}.Debug|Any CPU.ActiveCfg = Debug|Any CPU
		{7CD2850A-FF5C-4D13-A9A6-AA113155FB4F}.Debug|Any CPU.Build.0 = Debug|Any CPU
		{7CD2850A-FF5C-4D13-A9A6-AA113155FB4F}.Release|Any CPU.ActiveCfg = Release|Any CPU
		{7CD2850A-FF5C-4D13-A9A6-AA113155FB4F}.Release|Any CPU.Build.0 = Release|Any CPU
		{CCA1A0EC-4137-43C6-AEEA-E7029746F284}.Debug|Any CPU.ActiveCfg = Debug|Any CPU
		{CCA1A0EC-4137-43C6-AEEA-E7029746F284}.Debug|Any CPU.Build.0 = Debug|Any CPU
		{CCA1A0EC-4137-43C6-AEEA-E7029746F284}.Release|Any CPU.ActiveCfg = Release|Any CPU
		{CCA1A0EC-4137-43C6-AEEA-E7029746F284}.Release|Any CPU.Build.0 = Release|Any CPU
		{BB8B5C46-6E0B-45C1-82FD-53FA49A8065A}.Debug|Any CPU.ActiveCfg = Debug|Any CPU
		{BB8B5C46-6E0B-45C1-82FD-53FA49A8065A}.Debug|Any CPU.Build.0 = Debug|Any CPU
		{BB8B5C46-6E0B-45C1-82FD-53FA49A8065A}.Release|Any CPU.ActiveCfg = Release|Any CPU
		{BB8B5C46-6E0B-45C1-82FD-53FA49A8065A}.Release|Any CPU.Build.0 = Release|Any CPU
		{C3864BFA-64DE-4413-9609-C57618F8B3D1}.Debug|Any CPU.ActiveCfg = Debug|Any CPU
		{C3864BFA-64DE-4413-9609-C57618F8B3D1}.Debug|Any CPU.Build.0 = Debug|Any CPU
		{C3864BFA-64DE-4413-9609-C57618F8B3D1}.Release|Any CPU.ActiveCfg = Release|Any CPU
		{C3864BFA-64DE-4413-9609-C57618F8B3D1}.Release|Any CPU.Build.0 = Release|Any CPU
		{9D707F9F-B7B6-4534-87AE-FA0B443721FC}.Debug|Any CPU.ActiveCfg = Debug|Any CPU
		{9D707F9F-B7B6-4534-87AE-FA0B443721FC}.Debug|Any CPU.Build.0 = Debug|Any CPU
		{9D707F9F-B7B6-4534-87AE-FA0B443721FC}.Release|Any CPU.ActiveCfg = Release|Any CPU
		{9D707F9F-B7B6-4534-87AE-FA0B443721FC}.Release|Any CPU.Build.0 = Release|Any CPU
		{BF6B4149-75C0-4F3A-BE0D-CB82748C5B46}.Debug|Any CPU.ActiveCfg = Debug|Any CPU
		{BF6B4149-75C0-4F3A-BE0D-CB82748C5B46}.Debug|Any CPU.Build.0 = Debug|Any CPU
		{BF6B4149-75C0-4F3A-BE0D-CB82748C5B46}.Release|Any CPU.ActiveCfg = Release|Any CPU
		{BF6B4149-75C0-4F3A-BE0D-CB82748C5B46}.Release|Any CPU.Build.0 = Release|Any CPU
		{CB7B7B7C-7A20-4AAE-94A6-7B867F30AE56}.Debug|Any CPU.ActiveCfg = Debug|Any CPU
		{CB7B7B7C-7A20-4AAE-94A6-7B867F30AE56}.Debug|Any CPU.Build.0 = Debug|Any CPU
		{CB7B7B7C-7A20-4AAE-94A6-7B867F30AE56}.Release|Any CPU.ActiveCfg = Release|Any CPU
		{CB7B7B7C-7A20-4AAE-94A6-7B867F30AE56}.Release|Any CPU.Build.0 = Release|Any CPU
		{91D38521-ACD6-4D8F-9856-D06084E1C7CF}.Debug|Any CPU.ActiveCfg = Debug|Any CPU
		{91D38521-ACD6-4D8F-9856-D06084E1C7CF}.Debug|Any CPU.Build.0 = Debug|Any CPU
		{91D38521-ACD6-4D8F-9856-D06084E1C7CF}.Release|Any CPU.ActiveCfg = Release|Any CPU
		{91D38521-ACD6-4D8F-9856-D06084E1C7CF}.Release|Any CPU.Build.0 = Release|Any CPU
		{F144E8A8-B845-4A0E-AD4B-EEA97B2DFA8D}.Debug|Any CPU.ActiveCfg = Debug|Any CPU
		{F144E8A8-B845-4A0E-AD4B-EEA97B2DFA8D}.Debug|Any CPU.Build.0 = Debug|Any CPU
		{F144E8A8-B845-4A0E-AD4B-EEA97B2DFA8D}.Release|Any CPU.ActiveCfg = Release|Any CPU
		{F144E8A8-B845-4A0E-AD4B-EEA97B2DFA8D}.Release|Any CPU.Build.0 = Release|Any CPU
		{5479AC02-D94E-4E27-B9B5-9E157AEEBEC5}.Debug|Any CPU.ActiveCfg = Debug|Any CPU
		{5479AC02-D94E-4E27-B9B5-9E157AEEBEC5}.Debug|Any CPU.Build.0 = Debug|Any CPU
		{5479AC02-D94E-4E27-B9B5-9E157AEEBEC5}.Release|Any CPU.ActiveCfg = Release|Any CPU
		{5479AC02-D94E-4E27-B9B5-9E157AEEBEC5}.Release|Any CPU.Build.0 = Release|Any CPU
	EndGlobalSection
	GlobalSection(SolutionProperties) = preSolution
		HideSolutionNode = FALSE
	EndGlobalSection
	GlobalSection(ExtensibilityGlobals) = postSolution
		SolutionGuid = {8CC5C741-E931-4647-87D1-E837E9953F27}
	EndGlobalSection
EndGlobal
