
Microsoft Visual Studio Solution File, Format Version 12.00
# Visual Studio Version 17
VisualStudioVersion = 17.13.36105.23
MinimumVisualStudioVersion = 10.0.40219.1
Project("{FAE04EC0-301F-11D3-BF4B-00C04F79EFBC}") = "WebApplication1", "WebApplication1\WebApplication1.csproj", "{79DA71F2-F182-4FAC-A2E3-1608CDA9DB17}"
EndProject
Project("{FAE04EC0-301F-11D3-BF4B-00C04F79EFBC}") = "00Demo_BasicTemplate", "00Demo_BasicTemplate\00Demo_BasicTemplate.csproj", "{99D2E4DD-E9FC-457A-A8D5-737E4A5E6800}"
EndProject
Project("{FAE04EC0-301F-11D3-BF4B-00C04F79EFBC}") = "01Demo_EmptyTemplate", "01Demo_EmptyTemplate\01Demo_EmptyTemplate.csproj", "{65664D1C-7B6B-4107-9899-FF4E19B9719D}"
EndProject
Project("{FAE04EC0-301F-11D3-BF4B-00C04F79EFBC}") = "02Demo_CustomMVCTemplate", "02Demo_CustomMVCTemplate\02Demo_CustomMVCTemplate.csproj", "{6B72D14A-13DC-4DFA-A908-408872AC0343}"
EndProject
Project("{FAE04EC0-301F-11D3-BF4B-00C04F79EFBC}") = "03Demo_AttributeBasedRouting", "03Demo_AttributeBasedRouting\03Demo_AttributeBasedRouting.csproj", "{9F880D1A-E730-40A9-ABEA-C0F4DC97AD72}"
EndProject
Project("{FAE04EC0-301F-11D3-BF4B-00C04F79EFBC}") = "04Demo_ReturnTypesOfActionMethods", "04Demo_ReturnTypesOfActionMethods\04Demo_ReturnTypesOfActionMethods.csproj", "{ED476663-6C2A-406A-AE50-E96269F813C8}"
EndProject
Project("{FAE04EC0-301F-11D3-BF4B-00C04F79EFBC}") = "05Demo_ViewBag_ViewData_TempData", "05Demo_ViewBag_ViewData_TempData\05Demo_ViewBag_ViewData_TempData.csproj", "{A5C83B00-E07B-46DF-87EA-7707546122E7}"
EndProject
Project("{FAE04EC0-301F-11D3-BF4B-00C04F79EFBC}") = "06Demo_ArrayList", "06Demo_ArrayList\06Demo_ArrayList.csproj", "{551471D7-2572-4572-96C3-DC30BAE48F77}"
EndProject
Project("{FAE04EC0-301F-11D3-BF4B-00C04F79EFBC}") = "07Demo_BootStap_LayoutPages_ViewModel", "07Demo_BootStap_LayoutPages_ViewModel\07Demo_BootStap_LayoutPages_ViewModel.csproj", "{9CC96C26-1244-48EB-BDEE-BE974A8C29EF}"
EndProject
Project("{FAE04EC0-301F-11D3-BF4B-00C04F79EFBC}") = "08Demo_PartialViews", "08Demo_PartialViews\08Demo_PartialViews.csproj", "{9A4F4617-70DC-4FC2-991F-502D866F6DC4}"
EndProject
Project("{FAE04EC0-301F-11D3-BF4B-00C04F79EFBC}") = "09Demo_ProductViewModel", "09Demo_ProductViewModel\09Demo_ProductViewModel.csproj", "{8FBFBF3B-E790-4E3B-B3C7-5080A52F71B2}"
EndProject
Project("{FAE04EC0-301F-11D3-BF4B-00C04F79EFBC}") = "10Demo_TagHelpers", "10Demo_TagHelpers\10Demo_TagHelpers.csproj", "{2D4801A1-9FAE-4A0E-AAC8-F6CFB83B9D57}"
EndProject
Project("{FAE04EC0-301F-11D3-BF4B-00C04F79EFBC}") = "11Demo_Filters", "11Demo_Filters\11Demo_Filters.csproj", "{C9144BDB-07F1-4AB8-9B73-A0A6208FD263}"
EndProject
Project("{FAE04EC0-301F-11D3-BF4B-00C04F79EFBC}") = "12Demo_AdoNETConnected", "12Demo_AdoNETConnected\12Demo_AdoNETConnected.csproj", "{095A72B9-0910-46FE-B716-9580A57FA336}"
EndProject
Project("{FAE04EC0-301F-11D3-BF4B-00C04F79EFBC}") = "13Demo_EF_CodeFirst", "13Demo_EF_CodeFirst\13Demo_EF_CodeFirst.csproj", "{127893E7-6359-4782-A27C-DB54E878B702}"
EndProject
Project("{FAE04EC0-301F-11D3-BF4B-00C04F79EFBC}") = "14Demo_EF_DBFirst", "14Demo_EF_DBFirst\14Demo_EF_DBFirst.csproj", "{8FFAB04C-2486-4B49-BAEA-0531A6C8E96E}"
EndProject
Project("{FAE04EC0-301F-11D3-BF4B-00C04F79EFBC}") = "15Sessions", "15Sessions\15Sessions.csproj", "{4B8DD7AF-75BE-4824-A966-ECBC85F72115}"
EndProject
Project("{FAE04EC0-301F-11D3-BF4B-00C04F79EFBC}") = "16Demo_WebAPI", "16Demo_WebAPI\16Demo_WebAPI.csproj", "{2365C6F6-83D6-4745-85C7-D4BDA3BED003}"
EndProject
Global
	GlobalSection(SolutionConfigurationPlatforms) = preSolution
		Debug|Any CPU = Debug|Any CPU
		Release|Any CPU = Release|Any CPU
	EndGlobalSection
	GlobalSection(ProjectConfigurationPlatforms) = postSolution
		{79DA71F2-F182-4FAC-A2E3-1608CDA9DB17}.Debug|Any CPU.ActiveCfg = Debug|Any CPU
		{79DA71F2-F182-4FAC-A2E3-1608CDA9DB17}.Debug|Any CPU.Build.0 = Debug|Any CPU
		{79DA71F2-F182-4FAC-A2E3-1608CDA9DB17}.Release|Any CPU.ActiveCfg = Release|Any CPU
		{79DA71F2-F182-4FAC-A2E3-1608CDA9DB17}.Release|Any CPU.Build.0 = Release|Any CPU
		{99D2E4DD-E9FC-457A-A8D5-737E4A5E6800}.Debug|Any CPU.ActiveCfg = Debug|Any CPU
		{99D2E4DD-E9FC-457A-A8D5-737E4A5E6800}.Debug|Any CPU.Build.0 = Debug|Any CPU
		{99D2E4DD-E9FC-457A-A8D5-737E4A5E6800}.Release|Any CPU.ActiveCfg = Release|Any CPU
		{99D2E4DD-E9FC-457A-A8D5-737E4A5E6800}.Release|Any CPU.Build.0 = Release|Any CPU
		{65664D1C-7B6B-4107-9899-FF4E19B9719D}.Debug|Any CPU.ActiveCfg = Debug|Any CPU
		{65664D1C-7B6B-4107-9899-FF4E19B9719D}.Debug|Any CPU.Build.0 = Debug|Any CPU
		{65664D1C-7B6B-4107-9899-FF4E19B9719D}.Release|Any CPU.ActiveCfg = Release|Any CPU
		{65664D1C-7B6B-4107-9899-FF4E19B9719D}.Release|Any CPU.Build.0 = Release|Any CPU
		{6B72D14A-13DC-4DFA-A908-408872AC0343}.Debug|Any CPU.ActiveCfg = Debug|Any CPU
		{6B72D14A-13DC-4DFA-A908-408872AC0343}.Debug|Any CPU.Build.0 = Debug|Any CPU
		{6B72D14A-13DC-4DFA-A908-408872AC0343}.Release|Any CPU.ActiveCfg = Release|Any CPU
		{6B72D14A-13DC-4DFA-A908-408872AC0343}.Release|Any CPU.Build.0 = Release|Any CPU
		{9F880D1A-E730-40A9-ABEA-C0F4DC97AD72}.Debug|Any CPU.ActiveCfg = Debug|Any CPU
		{9F880D1A-E730-40A9-ABEA-C0F4DC97AD72}.Debug|Any CPU.Build.0 = Debug|Any CPU
		{9F880D1A-E730-40A9-ABEA-C0F4DC97AD72}.Release|Any CPU.ActiveCfg = Release|Any CPU
		{9F880D1A-E730-40A9-ABEA-C0F4DC97AD72}.Release|Any CPU.Build.0 = Release|Any CPU
		{ED476663-6C2A-406A-AE50-E96269F813C8}.Debug|Any CPU.ActiveCfg = Debug|Any CPU
		{ED476663-6C2A-406A-AE50-E96269F813C8}.Debug|Any CPU.Build.0 = Debug|Any CPU
		{ED476663-6C2A-406A-AE50-E96269F813C8}.Release|Any CPU.ActiveCfg = Release|Any CPU
		{ED476663-6C2A-406A-AE50-E96269F813C8}.Release|Any CPU.Build.0 = Release|Any CPU
		{A5C83B00-E07B-46DF-87EA-7707546122E7}.Debug|Any CPU.ActiveCfg = Debug|Any CPU
		{A5C83B00-E07B-46DF-87EA-7707546122E7}.Debug|Any CPU.Build.0 = Debug|Any CPU
		{A5C83B00-E07B-46DF-87EA-7707546122E7}.Release|Any CPU.ActiveCfg = Release|Any CPU
		{A5C83B00-E07B-46DF-87EA-7707546122E7}.Release|Any CPU.Build.0 = Release|Any CPU
		{551471D7-2572-4572-96C3-DC30BAE48F77}.Debug|Any CPU.ActiveCfg = Debug|Any CPU
		{551471D7-2572-4572-96C3-DC30BAE48F77}.Debug|Any CPU.Build.0 = Debug|Any CPU
		{551471D7-2572-4572-96C3-DC30BAE48F77}.Release|Any CPU.ActiveCfg = Release|Any CPU
		{551471D7-2572-4572-96C3-DC30BAE48F77}.Release|Any CPU.Build.0 = Release|Any CPU
		{9CC96C26-1244-48EB-BDEE-BE974A8C29EF}.Debug|Any CPU.ActiveCfg = Debug|Any CPU
		{9CC96C26-1244-48EB-BDEE-BE974A8C29EF}.Debug|Any CPU.Build.0 = Debug|Any CPU
		{9CC96C26-1244-48EB-BDEE-BE974A8C29EF}.Release|Any CPU.ActiveCfg = Release|Any CPU
		{9CC96C26-1244-48EB-BDEE-BE974A8C29EF}.Release|Any CPU.Build.0 = Release|Any CPU
		{9A4F4617-70DC-4FC2-991F-502D866F6DC4}.Debug|Any CPU.ActiveCfg = Debug|Any CPU
		{9A4F4617-70DC-4FC2-991F-502D866F6DC4}.Debug|Any CPU.Build.0 = Debug|Any CPU
		{9A4F4617-70DC-4FC2-991F-502D866F6DC4}.Release|Any CPU.ActiveCfg = Release|Any CPU
		{9A4F4617-70DC-4FC2-991F-502D866F6DC4}.Release|Any CPU.Build.0 = Release|Any CPU
		{8FBFBF3B-E790-4E3B-B3C7-5080A52F71B2}.Debug|Any CPU.ActiveCfg = Debug|Any CPU
		{8FBFBF3B-E790-4E3B-B3C7-5080A52F71B2}.Debug|Any CPU.Build.0 = Debug|Any CPU
		{8FBFBF3B-E790-4E3B-B3C7-5080A52F71B2}.Release|Any CPU.ActiveCfg = Release|Any CPU
		{8FBFBF3B-E790-4E3B-B3C7-5080A52F71B2}.Release|Any CPU.Build.0 = Release|Any CPU
		{2D4801A1-9FAE-4A0E-AAC8-F6CFB83B9D57}.Debug|Any CPU.ActiveCfg = Debug|Any CPU
		{2D4801A1-9FAE-4A0E-AAC8-F6CFB83B9D57}.Debug|Any CPU.Build.0 = Debug|Any CPU
		{2D4801A1-9FAE-4A0E-AAC8-F6CFB83B9D57}.Release|Any CPU.ActiveCfg = Release|Any CPU
		{2D4801A1-9FAE-4A0E-AAC8-F6CFB83B9D57}.Release|Any CPU.Build.0 = Release|Any CPU
		{C9144BDB-07F1-4AB8-9B73-A0A6208FD263}.Debug|Any CPU.ActiveCfg = Debug|Any CPU
		{C9144BDB-07F1-4AB8-9B73-A0A6208FD263}.Debug|Any CPU.Build.0 = Debug|Any CPU
		{C9144BDB-07F1-4AB8-9B73-A0A6208FD263}.Release|Any CPU.ActiveCfg = Release|Any CPU
		{C9144BDB-07F1-4AB8-9B73-A0A6208FD263}.Release|Any CPU.Build.0 = Release|Any CPU
		{095A72B9-0910-46FE-B716-9580A57FA336}.Debug|Any CPU.ActiveCfg = Debug|Any CPU
		{095A72B9-0910-46FE-B716-9580A57FA336}.Debug|Any CPU.Build.0 = Debug|Any CPU
		{095A72B9-0910-46FE-B716-9580A57FA336}.Release|Any CPU.ActiveCfg = Release|Any CPU
		{095A72B9-0910-46FE-B716-9580A57FA336}.Release|Any CPU.Build.0 = Release|Any CPU
		{127893E7-6359-4782-A27C-DB54E878B702}.Debug|Any CPU.ActiveCfg = Debug|Any CPU
		{127893E7-6359-4782-A27C-DB54E878B702}.Debug|Any CPU.Build.0 = Debug|Any CPU
		{127893E7-6359-4782-A27C-DB54E878B702}.Release|Any CPU.ActiveCfg = Release|Any CPU
		{127893E7-6359-4782-A27C-DB54E878B702}.Release|Any CPU.Build.0 = Release|Any CPU
		{8FFAB04C-2486-4B49-BAEA-0531A6C8E96E}.Debug|Any CPU.ActiveCfg = Debug|Any CPU
		{8FFAB04C-2486-4B49-BAEA-0531A6C8E96E}.Debug|Any CPU.Build.0 = Debug|Any CPU
		{8FFAB04C-2486-4B49-BAEA-0531A6C8E96E}.Release|Any CPU.ActiveCfg = Release|Any CPU
		{8FFAB04C-2486-4B49-BAEA-0531A6C8E96E}.Release|Any CPU.Build.0 = Release|Any CPU
		{4B8DD7AF-75BE-4824-A966-ECBC85F72115}.Debug|Any CPU.ActiveCfg = Debug|Any CPU
		{4B8DD7AF-75BE-4824-A966-ECBC85F72115}.Debug|Any CPU.Build.0 = Debug|Any CPU
		{4B8DD7AF-75BE-4824-A966-ECBC85F72115}.Release|Any CPU.ActiveCfg = Release|Any CPU
		{4B8DD7AF-75BE-4824-A966-ECBC85F72115}.Release|Any CPU.Build.0 = Release|Any CPU
		{2365C6F6-83D6-4745-85C7-D4BDA3BED003}.Debug|Any CPU.ActiveCfg = Debug|Any CPU
		{2365C6F6-83D6-4745-85C7-D4BDA3BED003}.Debug|Any CPU.Build.0 = Debug|Any CPU
		{2365C6F6-83D6-4745-85C7-D4BDA3BED003}.Release|Any CPU.ActiveCfg = Release|Any CPU
		{2365C6F6-83D6-4745-85C7-D4BDA3BED003}.Release|Any CPU.Build.0 = Release|Any CPU
	EndGlobalSection
	GlobalSection(SolutionProperties) = preSolution
		HideSolutionNode = FALSE
	EndGlobalSection
	GlobalSection(ExtensibilityGlobals) = postSolution
		SolutionGuid = {0971B2A9-8B3E-4EED-8B10-7EFCAC96004B}
	EndGlobalSection
EndGlobal
